// !$*UTF8*$!
{
	archiveVersion = 1;
	classes = {
	};
	objectVersion = 46;
	objects = {

/* Begin PBXBuildFile section */
		514C51631BEEB3810022F4DF /* AppDelegate.swift in Sources */ = {isa = PBXBuildFile; fileRef = 514C51621BEEB3810022F4DF /* AppDelegate.swift */; };
		514C51651BEEB3810022F4DF /* ViewController.swift in Sources */ = {isa = PBXBuildFile; fileRef = 514C51641BEEB3810022F4DF /* ViewController.swift */; };
		514C51681BEEB3810022F4DF /* Main.storyboard in Resources */ = {isa = PBXBuildFile; fileRef = 514C51661BEEB3810022F4DF /* Main.storyboard */; };
		514C516A1BEEB3810022F4DF /* Assets.xcassets in Resources */ = {isa = PBXBuildFile; fileRef = 514C51691BEEB3810022F4DF /* Assets.xcassets */; };
		514C516D1BEEB3810022F4DF /* LaunchScreen.storyboard in Resources */ = {isa = PBXBuildFile; fileRef = 514C516B1BEEB3810022F4DF /* LaunchScreen.storyboard */; };
/* End PBXBuildFile section */

/* Begin PBXFileReference section */
		514C515F1BEEB3810022F4DF /* Red and Blue.app */ = {isa = PBXFileReference; explicitFileType = wrapper.application; includeInIndex = 0; path = "Red and Blue.app"; sourceTree = BUILT_PRODUCTS_DIR; };
		514C51621BEEB3810022F4DF /* AppDelegate.swift */ = {isa = PBXFileReference; lastKnownFileType = sourcecode.swift; path = AppDelegate.swift; sourceTree = "<group>"; };
		514C51641BEEB3810022F4DF /* ViewController.swift */ = {isa = PBXFileReference; lastKnownFileType = sourcecode.swift; path = ViewController.swift; sourceTree = "<group>"; };
		514C51671BEEB3810022F4DF /* Base */ = {isa = PBXFileReference; lastKnownFileType = file.storyboard; name = Base; path = Base.lproj/Main.storyboard; sourceTree = "<group>"; };
		514C51691BEEB3810022F4DF /* Assets.xcassets */ = {isa = PBXFileReference; lastKnownFileType = folder.assetcatalog; path = Assets.xcassets; sourceTree = "<group>"; };
		514C516C1BEEB3810022F4DF /* Base */ = {isa = PBXFileReference; lastKnownFileType = file.storyboard; name = Base; path = Base.lproj/LaunchScreen.storyboard; sourceTree = "<group>"; };
		514C516E1BEEB3810022F4DF /* Info.plist */ = {isa = PBXFileReference; lastKnownFileType = text.plist.xml; path = Info.plist; sourceTree = "<group>"; };
/* End PBXFileReference section */

/* Begin PBXFrameworksBuildPhase section */
		514C515C1BEEB3810022F4DF /* Frameworks */ = {
			isa = PBXFrameworksBuildPhase;
			buildActionMask = 2147483647;
			files = (
			);
			runOnlyForDeploymentPostprocessing = 0;
		};
/* End PBXFrameworksBuildPhase section */

/* Begin PBXGroup section */
		514C51561BEEB3810022F4DF = {
			isa = PBXGroup;
			children = (
				514C51611BEEB3810022F4DF /* Red and Blue */,
				514C51601BEEB3810022F4DF /* Products */,
			);
			sourceTree = "<group>";
		};
		514C51601BEEB3810022F4DF /* Products */ = {
			isa = PBXGroup;
			children = (
				514C515F1BEEB3810022F4DF /* Red and Blue.app */,
			);
			name = Products;
			sourceTree = "<group>";
		};
		514C51611BEEB3810022F4DF /* Red and Blue */ = {
			isa = PBXGroup;
			children = (
				514C51621BEEB3810022F4DF /* AppDelegate.swift */,
				514C51641BEEB3810022F4DF /* ViewController.swift */,
				514C51661BEEB3810022F4DF /* Main.storyboard */,
				514C51691BEEB3810022F4DF /* Assets.xcassets */,
				514C516B1BEEB3810022F4DF /* LaunchScreen.storyboard */,
				514C516E1BEEB3810022F4DF /* Info.plist */,
			);
			path = "Red and Blue";
			sourceTree = "<group>";
		};
/* End PBXGroup section */

/* Begin PBXNativeTarget section */
		514C515E1BEEB3810022F4DF /* Red and Blue */ = {
			isa = PBXNativeTarget;
			buildConfigurationList = 514C51711BEEB3810022F4DF /* Build configuration list for PBXNativeTarget "Red and Blue" */;
			buildPhases = (
				514C515B1BEEB3810022F4DF /* Sources */,
				514C515C1BEEB3810022F4DF /* Frameworks */,
				514C515D1BEEB3810022F4DF /* Resources */,
			);
			buildRules = (
			);
			dependencies = (
			);
			name = "Red and Blue";
			productName = "Red and Blue";
			productReference = 514C515F1BEEB3810022F4DF /* Red and Blue.app */;
			productType = "com.apple.product-type.application";
		};
/* End PBXNativeTarget section */

/* Begin PBXProject section */
		514C51571BEEB3810022F4DF /* Project object */ = {
			isa = PBXProject;
			attributes = {
				LastSwiftUpdateCheck = 0710;
				LastUpgradeCheck = 0710;
				ORGANIZATIONNAME = Mix;
				TargetAttributes = {
					514C515E1BEEB3810022F4DF = {
						CreatedOnToolsVersion = 7.1;
						DevelopmentTeam = 4Q38M7HBXM;
					};
				};
			};
			buildConfigurationList = 514C515A1BEEB3810022F4DF /* Build configuration list for PBXProject "Red and Blue" */;
			compatibilityVersion = "Xcode 3.2";
			developmentRegion = English;
			hasScannedForEncodings = 0;
			knownRegions = (
				en,
				Base,
			);
			mainGroup = 514C51561BEEB3810022F4DF;
			productRefGroup = 514C51601BEEB3810022F4DF /* Products */;
			projectDirPath = "";
			projectRoot = "";
			targets = (
				514C515E1BEEB3810022F4DF /* Red and Blue */,
			);
		};
/* End PBXProject section */

/* Begin PBXResourcesBuildPhase section */
		514C515D1BEEB3810022F4DF /* Resources */ = {
			isa = PBXResourcesBuildPhase;
			buildActionMask = 2147483647;
			files = (
				514C516D1BEEB3810022F4DF /* LaunchScreen.storyboard in Resources */,
				514C516A1BEEB3810022F4DF /* Assets.xcassets in Resources */,
				514C51681BEEB3810022F4DF /* Main.storyboard in Resources */,
			);
			runOnlyForDeploymentPostprocessing = 0;
		};
/* End PBXResourcesBuildPhase section */

/* Begin PBXSourcesBuildPhase section */
		514C515B1BEEB3810022F4DF /* Sources */ = {
			isa = PBXSourcesBuildPhase;
			buildActionMask = 2147483647;
			files = (
				514C51651BEEB3810022F4DF /* ViewController.swift in Sources */,
				514C51631BEEB3810022F4DF /* AppDelegate.swift in Sources */,
			);
			runOnlyForDeploymentPostprocessing = 0;
		};
/* End PBXSourcesBuildPhase section */

/* Begin PBXVariantGroup section */
		514C51661BEEB3810022F4DF /* Main.storyboard */ = {
			isa = PBXVariantGroup;
			children = (
				514C51671BEEB3810022F4DF /* Base */,
			);
			name = Main.storyboard;
			sourceTree = "<group>";
		};
		514C516B1BEEB3810022F4DF /* LaunchScreen.storyboard */ = {
			isa = PBXVariantGroup;
			children = (
				514C516C1BEEB3810022F4DF /* Base */,
			);
			name = LaunchScreen.storyboard;
			sourceTree = "<group>";
		};
/* End PBXVariantGroup section */

/* Begin XCBuildConfiguration section */
		514C516F1BEEB3810022F4DF /* Debug */ = {
			isa = XCBuildConfiguration;
			buildSettings = {
				ALWAYS_SEARCH_USER_PATHS = NO;
				CLANG_CXX_LANGUAGE_STANDARD = "gnu++0x";
				CLANG_CXX_LIBRARY = "libc++";
				CLANG_ENABLE_MODULES = YES;
				CLANG_ENABLE_OBJC_ARC = YES;
				CLANG_WARN_BOOL_CONVERSION = YES;
				CLANG_WARN_CONSTANT_CONVERSION = YES;
				CLANG_WARN_DIRECT_OBJC_ISA_USAGE = YES_ERROR;
				CLANG_WARN_EMPTY_BODY = YES;
				CLANG_WARN_ENUM_CONVERSION = YES;
				CLANG_WARN_INT_CONVERSION = YES;
				CLANG_WARN_OBJC_ROOT_CLASS = YES_ERROR;
				CLANG_WARN_UNREACHABLE_CODE = YES;
				CLANG_WARN__DUPLICATE_METHOD_MATCH = YES;
				"CODE_SIGN_IDENTITY[sdk=iphoneos*]" = "iPhone Developer";
				COPY_PHASE_STRIP = NO;
				DEBUG_INFORMATION_FORMAT = dwarf;
				ENABLE_STRICT_OBJC_MSGSEND = YES;
				ENABLE_TESTABILITY = YES;
				GCC_C_LANGUAGE_STANDARD = gnu99;
				GCC_DYNAMIC_NO_PIC = NO;
				GCC_NO_COMMON_BLOCKS = YES;
				GCC_OPTIMIZATION_LEVEL = 0;
				GCC_PREPROCESSOR_DEFINITIONS = (
					"DEBUG=1",
					"$(inherited)",
				);
				GCC_WARN_64_TO_32_BIT_CONVERSION = YES;
				GCC_WARN_ABOUT_RETURN_TYPE = YES_ERROR;
				GCC_WARN_UNDECLARED_SELECTOR = YES;
				GCC_WARN_UNINITIALIZED_AUTOS = YES_AGGRESSIVE;
				GCC_WARN_UNUSED_FUNCTION = YES;
				GCC_WARN_UNUSED_VARIABLE = YES;
				IPHONEOS_DEPLOYMENT_TARGET = 9.1;
				MTL_ENABLE_DEBUG_INFO = YES;
				ONLY_ACTIVE_ARCH = YES;
				SDKROOT = iphoneos;
				SWIFT_OPTIMIZATION_LEVEL = "-Onone";
			};
			name = Debug;
		};
		514C51701BEEB3810022F4DF /* Release */ = {
			isa = XCBuildConfiguration;
			buildSettings = {
				ALWAYS_SEARCH_USER_PATHS = NO;
				CLANG_CXX_LANGUAGE_STANDARD = "gnu++0x";
				CLANG_CXX_LIBRARY = "libc++";
				CLANG_ENABLE_MODULES = YES;
				CLANG_ENABLE_OBJC_ARC = YES;
				CLANG_WARN_BOOL_CONVERSION = YES;
				CLANG_WARN_CONSTANT_CONVERSION = YES;
				CLANG_WARN_DIRECT_OBJC_ISA_USAGE = YES_ERROR;
				CLANG_WARN_EMPTY_BODY = YES;
				CLANG_WARN_ENUM_CONVERSION = YES;
				CLANG_WARN_INT_CONVERSION = YES;
				CLANG_WARN_OBJC_ROOT_CLASS = YES_ERROR;
				CLANG_WARN_UNREACHABLE_CODE = YES;
				CLANG_WARN__DUPLICATE_METHOD_MATCH = YES;
				"CODE_SIGN_IDENTITY[sdk=iphoneos*]" = "iPhone Developer";
				COPY_PHASE_STRIP = NO;
				DEBUG_INFORMATION_FORMAT = "dwarf-with-dsym";
				ENABLE_NS_ASSERTIONS = NO;
				ENABLE_STRICT_OBJC_MSGSEND = YES;
				GCC_C_LANGUAGE_STANDARD = gnu99;
				GCC_NO_COMMON_BLOCKS = YES;
				GCC_WARN_64_TO_32_BIT_CONVERSION = YES;
				GCC_WARN_ABOUT_RETURN_TYPE = YES_ERROR;
				GCC_WARN_UNDECLARED_SELECTOR = YES;
				GCC_WARN_UNINITIALIZED_AUTOS = YES_AGGRESSIVE;
				GCC_WARN_UNUSED_FUNCTION = YES;
				GCC_WARN_UNUSED_VARIABLE = YES;
				IPHONEOS_DEPLOYMENT_TARGET = 9.1;
				MTL_ENABLE_DEBUG_INFO = NO;
				SDKROOT = iphoneos;
				VALIDATE_PRODUCT = YES;
			};
			name = Release;
		};
		514C51721BEEB3810022F4DF /* Debug */ = {
			isa = XCBuildConfiguration;
			buildSettings = {
				ASSETCATALOG_COMPILER_APPICON_NAME = AppIcon;
				INFOPLIST_FILE = "Red and Blue/Info.plist";
				LD_RUNPATH_SEARCH_PATHS = "$(inherited) @executable_path/Frameworks";
				PRODUCT_BUNDLE_IDENTIFIER = "com.Mix.Red-and-Blue";
				PRODUCT_NAME = "$(TARGET_NAME)";
			};
			name = Debug;
		};
		514C51731BEEB3810022F4DF /* Release */ = {
			isa = XCBuildConfiguration;
			buildSettings = {
				ASSETCATALOG_COMPILER_APPICON_NAME = AppIcon;
				INFOPLIST_FILE = "Red and Blue/Info.plist";
				LD_RUNPATH_SEARCH_PATHS = "$(inherited) @executable_path/Frameworks";
				PRODUCT_BUNDLE_IDENTIFIER = "com.Mix.Red-and-Blue";
				PRODUCT_NAME = "$(TARGET_NAME)";
			};
			name = Release;
		};
/* End XCBuildConfiguration section */

/* Begin XCConfigurationList section */
		514C515A1BEEB3810022F4DF /* Build configuration list for PBXProject "Red and Blue" */ = {
			isa = XCConfigurationList;
			buildConfigurations = (
				514C516F1BEEB3810022F4DF /* Debug */,
				514C51701BEEB3810022F4DF /* Release */,
			);
			defaultConfigurationIsVisible = 0;
			defaultConfigurationName = Release;
		};
		514C51711BEEB3810022F4DF /* Build configuration list for PBXNativeTarget "Red and Blue" */ = {
			isa = XCConfigurationList;
			buildConfigurations = (
				514C51721BEEB3810022F4DF /* Debug */,
				514C51731BEEB3810022F4DF /* Release */,
			);
			defaultConfigurationIsVisible = 0;
		};
/* End XCConfigurationList section */
	};
	rootObject = 514C51571BEEB3810022F4DF /* Project object */;
}
